// !$*UTF8*$!
{
	archiveVersion = 1;
	classes = {
	};
	objectVersion = 46;
	objects = {

/* Begin PBXBuildFile section */
		BC69845E1CA149CF00545AD8 /* main.m in Sources */ = {isa = PBXBuildFile; fileRef = BC69845D1CA149CF00545AD8 /* main.m */; };
		BC69846B1CA15CBA00545AD8 /* main.m in Sources */ = {isa = PBXBuildFile; fileRef = BC69846A1CA15CBA00545AD8 /* main.m */; };
		BC6984761CA1792700545AD8 /* main.m in Sources */ = {isa = PBXBuildFile; fileRef = BC6984751CA1792700545AD8 /* main.m */; };
/* End PBXBuildFile section */

/* Begin PBXCopyFilesBuildPhase section */
		BC6984581CA149CF00545AD8 /* CopyFiles */ = {
			isa = PBXCopyFilesBuildPhase;
			buildActionMask = 2147483647;
			dstPath = /usr/share/man/man1/;
			dstSubfolderSpec = 0;
			files = (
			);
			runOnlyForDeploymentPostprocessing = 1;
		};
		BC6984661CA15CBA00545AD8 /* CopyFiles */ = {
			isa = PBXCopyFilesBuildPhase;
			buildActionMask = 2147483647;
			dstPath = /usr/share/man/man1/;
			dstSubfolderSpec = 0;
			files = (
			);
			runOnlyForDeploymentPostprocessing = 1;
		};
		BC6984711CA1792700545AD8 /* CopyFiles */ = {
			isa = PBXCopyFilesBuildPhase;
			buildActionMask = 2147483647;
			dstPath = /usr/share/man/man1/;
			dstSubfolderSpec = 0;
			files = (
			);
			runOnlyForDeploymentPostprocessing = 1;
		};
/* End PBXCopyFilesBuildPhase section */

/* Begin PBXFileReference section */
		BC69845A1CA149CF00545AD8 /* NSString常见的用法和使用 */ = {isa = PBXFileReference; explicitFileType = "compiled.mach-o.executable"; includeInIndex = 0; path = "NSString常见的用法和使用"; sourceTree = BUILT_PRODUCTS_DIR; };
		BC69845D1CA149CF00545AD8 /* main.m */ = {isa = PBXFileReference; lastKnownFileType = sourcecode.c.objc; path = main.m; sourceTree = "<group>"; };
		BC6984681CA15CBA00545AD8 /* NSString 类型的长度计算方法 */ = {isa = PBXFileReference; explicitFileType = "compiled.mach-o.executable"; includeInIndex = 0; path = "NSString 类型的长度计算方法"; sourceTree = BUILT_PRODUCTS_DIR; };
		BC69846A1CA15CBA00545AD8 /* main.m */ = {isa = PBXFileReference; lastKnownFileType = sourcecode.c.objc; path = main.m; sourceTree = "<group>"; };
		BC6984731CA1792700545AD8 /* 多文件实现步骤 */ = {isa = PBXFileReference; explicitFileType = "compiled.mach-o.executable"; includeInIndex = 0; path = "多文件实现步骤"; sourceTree = BUILT_PRODUCTS_DIR; };
		BC6984751CA1792700545AD8 /* main.m */ = {isa = PBXFileReference; lastKnownFileType = sourcecode.c.objc; path = main.m; sourceTree = "<group>"; };
		BC69847A1CA179DB00545AD8 /* Dog.h */ = {isa = PBXFileReference; lastKnownFileType = sourcecode.c.h; path = Dog.h; sourceTree = "<group>"; };
/* End PBXFileReference section */

/* Begin PBXFrameworksBuildPhase section */
		BC6984571CA149CF00545AD8 /* Frameworks */ = {
			isa = PBXFrameworksBuildPhase;
			buildActionMask = 2147483647;
			files = (
			);
			runOnlyForDeploymentPostprocessing = 0;
		};
		BC6984651CA15CBA00545AD8 /* Frameworks */ = {
			isa = PBXFrameworksBuildPhase;
			buildActionMask = 2147483647;
			files = (
			);
			runOnlyForDeploymentPostprocessing = 0;
		};
		BC6984701CA1792700545AD8 /* Frameworks */ = {
			isa = PBXFrameworksBuildPhase;
			buildActionMask = 2147483647;
			files = (
			);
			runOnlyForDeploymentPostprocessing = 0;
		};
/* End PBXFrameworksBuildPhase section */

/* Begin PBXGroup section */
		BC6984511CA149CF00545AD8 = {
			isa = PBXGroup;
			children = (
				BC69845C1CA149CF00545AD8 /* NSString常见的用法和使用 */,
				BC6984691CA15CBA00545AD8 /* NSString 类型的长度计算方法 */,
				BC6984741CA1792700545AD8 /* 多文件实现步骤 */,
				BC69845B1CA149CF00545AD8 /* Products */,
			);
			sourceTree = "<group>";
		};
		BC69845B1CA149CF00545AD8 /* Products */ = {
			isa = PBXGroup;
			children = (
				BC69845A1CA149CF00545AD8 /* NSString常见的用法和使用 */,
				BC6984681CA15CBA00545AD8 /* NSString 类型的长度计算方法 */,
				BC6984731CA1792700545AD8 /* 多文件实现步骤 */,
			);
			name = Products;
			sourceTree = "<group>";
		};
		BC69845C1CA149CF00545AD8 /* NSString常见的用法和使用 */ = {
			isa = PBXGroup;
			children = (
				BC69845D1CA149CF00545AD8 /* main.m */,
			);
			path = "NSString常见的用法和使用";
			sourceTree = "<group>";
		};
		BC6984691CA15CBA00545AD8 /* NSString 类型的长度计算方法 */ = {
			isa = PBXGroup;
			children = (
				BC69846A1CA15CBA00545AD8 /* main.m */,
			);
			path = "NSString 类型的长度计算方法";
			sourceTree = "<group>";
		};
		BC6984741CA1792700545AD8 /* 多文件实现步骤 */ = {
			isa = PBXGroup;
			children = (
				BC6984751CA1792700545AD8 /* main.m */,
				BC69847A1CA179DB00545AD8 /* Dog.h */,
			);
			path = "多文件实现步骤";
			sourceTree = "<group>";
		};
/* End PBXGroup section */

/* Begin PBXNativeTarget section */
		BC6984591CA149CF00545AD8 /* NSString常见的用法和使用 */ = {
			isa = PBXNativeTarget;
			buildConfigurationList = BC6984611CA149CF00545AD8 /* Build configuration list for PBXNativeTarget "NSString常见的用法和使用" */;
			buildPhases = (
				BC6984561CA149CF00545AD8 /* Sources */,
				BC6984571CA149CF00545AD8 /* Frameworks */,
				BC6984581CA149CF00545AD8 /* CopyFiles */,
			);
			buildRules = (
			);
			dependencies = (
			);
			name = "NSString常见的用法和使用";
			productName = "NSString常见的用法和使用";
			productReference = BC69845A1CA149CF00545AD8 /* NSString常见的用法和使用 */;
			productType = "com.apple.product-type.tool";
		};
		BC6984671CA15CBA00545AD8 /* NSString 类型的长度计算方法 */ = {
			isa = PBXNativeTarget;
			buildConfigurationList = BC69846C1CA15CBA00545AD8 /* Build configuration list for PBXNativeTarget "NSString 类型的长度计算方法" */;
			buildPhases = (
				BC6984641CA15CBA00545AD8 /* Sources */,
				BC6984651CA15CBA00545AD8 /* Frameworks */,
				BC6984661CA15CBA00545AD8 /* CopyFiles */,
			);
			buildRules = (
			);
			dependencies = (
			);
			name = "NSString 类型的长度计算方法";
			productName = "NSString 类型的长度计算方法";
			productReference = BC6984681CA15CBA00545AD8 /* NSString 类型的长度计算方法 */;
			productType = "com.apple.product-type.tool";
		};
		BC6984721CA1792700545AD8 /* 多文件实现步骤 */ = {
			isa = PBXNativeTarget;
			buildConfigurationList = BC6984771CA1792700545AD8 /* Build configuration list for PBXNativeTarget "多文件实现步骤" */;
			buildPhases = (
				BC69846F1CA1792700545AD8 /* Sources */,
				BC6984701CA1792700545AD8 /* Frameworks */,
				BC6984711CA1792700545AD8 /* CopyFiles */,
			);
			buildRules = (
			);
			dependencies = (
			);
			name = "多文件实现步骤";
			productName = "多文件实现步骤";
			productReference = BC6984731CA1792700545AD8 /* 多文件实现步骤 */;
			productType = "com.apple.product-type.tool";
		};
/* End PBXNativeTarget section */

/* Begin PBXProject section */
		BC6984521CA149CF00545AD8 /* Project object */ = {
			isa = PBXProject;
			attributes = {
				LastUpgradeCheck = 0720;
				ORGANIZATIONNAME = liser;
				TargetAttributes = {
					BC6984591CA149CF00545AD8 = {
						CreatedOnToolsVersion = 7.2.1;
					};
					BC6984671CA15CBA00545AD8 = {
						CreatedOnToolsVersion = 7.2.1;
					};
					BC6984721CA1792700545AD8 = {
						CreatedOnToolsVersion = 7.2.1;
					};
				};
			};
			buildConfigurationList = BC6984551CA149CF00545AD8 /* Build configuration list for PBXProject "NSString常见的用法和使用" */;
			compatibilityVersion = "Xcode 3.2";
			developmentRegion = English;
			hasScannedForEncodings = 0;
			knownRegions = (
				en,
			);
			mainGroup = BC6984511CA149CF00545AD8;
			productRefGroup = BC69845B1CA149CF00545AD8 /* Products */;
			projectDirPath = "";
			projectRoot = "";
			targets = (
				BC6984591CA149CF00545AD8 /* NSString常见的用法和使用 */,
				BC6984671CA15CBA00545AD8 /* NSString 类型的长度计算方法 */,
				BC6984721CA1792700545AD8 /* 多文件实现步骤 */,
			);
		};
/* End PBXProject section */

/* Begin PBXSourcesBuildPhase section */
		BC6984561CA149CF00545AD8 /* Sources */ = {
			isa = PBXSourcesBuildPhase;
			buildActionMask = 2147483647;
			files = (
				BC69845E1CA149CF00545AD8 /* main.m in Sources */,
			);
			runOnlyForDeploymentPostprocessing = 0;
		};
		BC6984641CA15CBA00545AD8 /* Sources */ = {
			isa = PBXSourcesBuildPhase;
			buildActionMask = 2147483647;
			files = (
				BC69846B1CA15CBA00545AD8 /* main.m in Sources */,
			);
			runOnlyForDeploymentPostprocessing = 0;
		};
		BC69846F1CA1792700545AD8 /* Sources */ = {
			isa = PBXSourcesBuildPhase;
			buildActionMask = 2147483647;
			files = (
				BC6984761CA1792700545AD8 /* main.m in Sources */,
			);
			runOnlyForDeploymentPostprocessing = 0;
		};
/* End PBXSourcesBuildPhase section */

/* Begin XCBuildConfiguration section */
		BC69845F1CA149CF00545AD8 /* Debug */ = {
			isa = XCBuildConfiguration;
			buildSettings = {
				ALWAYS_SEARCH_USER_PATHS = NO;
				CLANG_CXX_LANGUAGE_STANDARD = "gnu++0x";
				CLANG_CXX_LIBRARY = "libc++";
				CLANG_ENABLE_MODULES = YES;
				CLANG_ENABLE_OBJC_ARC = YES;
				CLANG_WARN_BOOL_CONVERSION = YES;
				CLANG_WARN_CONSTANT_CONVERSION = YES;
				CLANG_WARN_DIRECT_OBJC_ISA_USAGE = YES_ERROR;
				CLANG_WARN_EMPTY_BODY = YES;
				CLANG_WARN_ENUM_CONVERSION = YES;
				CLANG_WARN_INT_CONVERSION = YES;
				CLANG_WARN_OBJC_ROOT_CLASS = YES_ERROR;
				CLANG_WARN_UNREACHABLE_CODE = YES;
				CLANG_WARN__DUPLICATE_METHOD_MATCH = YES;
				CODE_SIGN_IDENTITY = "-";
				COPY_PHASE_STRIP = NO;
				DEBUG_INFORMATION_FORMAT = dwarf;
				ENABLE_STRICT_OBJC_MSGSEND = YES;
				ENABLE_TESTABILITY = YES;
				GCC_C_LANGUAGE_STANDARD = gnu99;
				GCC_DYNAMIC_NO_PIC = NO;
				GCC_NO_COMMON_BLOCKS = YES;
				GCC_OPTIMIZATION_LEVEL = 0;
				GCC_PREPROCESSOR_DEFINITIONS = (
					"DEBUG=1",
					"$(inherited)",
				);
				GCC_WARN_64_TO_32_BIT_CONVERSION = YES;
				GCC_WARN_ABOUT_RETURN_TYPE = YES_ERROR;
				GCC_WARN_UNDECLARED_SELECTOR = YES;
				GCC_WARN_UNINITIALIZED_AUTOS = YES_AGGRESSIVE;
				GCC_WARN_UNUSED_FUNCTION = YES;
				GCC_WARN_UNUSED_VARIABLE = YES;
				MACOSX_DEPLOYMENT_TARGET = 10.11;
				MTL_ENABLE_DEBUG_INFO = YES;
				ONLY_ACTIVE_ARCH = YES;
				SDKROOT = macosx;
			};
			name = Debug;
		};
		BC6984601CA149CF00545AD8 /* Release */ = {
			isa = XCBuildConfiguration;
			buildSettings = {
				ALWAYS_SEARCH_USER_PATHS = NO;
				CLANG_CXX_LANGUAGE_STANDARD = "gnu++0x";
				CLANG_CXX_LIBRARY = "libc++";
				CLANG_ENABLE_MODULES = YES;
				CLANG_ENABLE_OBJC_ARC = YES;
				CLANG_WARN_BOOL_CONVERSION = YES;
				CLANG_WARN_CONSTANT_CONVERSION = YES;
				CLANG_WARN_DIRECT_OBJC_ISA_USAGE = YES_ERROR;
				CLANG_WARN_EMPTY_BODY = YES;
				CLANG_WARN_ENUM_CONVERSION = YES;
				CLANG_WARN_INT_CONVERSION = YES;
				CLANG_WARN_OBJC_ROOT_CLASS = YES_ERROR;
				CLANG_WARN_UNREACHABLE_CODE = YES;
				CLANG_WARN__DUPLICATE_METHOD_MATCH = YES;
				CODE_SIGN_IDENTITY = "-";
				COPY_PHASE_STRIP = NO;
				DEBUG_INFORMATION_FORMAT = "dwarf-with-dsym";
				ENABLE_NS_ASSERTIONS = NO;
				ENABLE_STRICT_OBJC_MSGSEND = YES;
				GCC_C_LANGUAGE_STANDARD = gnu99;
				GCC_NO_COMMON_BLOCKS = YES;
				GCC_WARN_64_TO_32_BIT_CONVERSION = YES;
				GCC_WARN_ABOUT_RETURN_TYPE = YES_ERROR;
				GCC_WARN_UNDECLARED_SELECTOR = YES;
				GCC_WARN_UNINITIALIZED_AUTOS = YES_AGGRESSIVE;
				GCC_WARN_UNUSED_FUNCTION = YES;
				GCC_WARN_UNUSED_VARIABLE = YES;
				MACOSX_DEPLOYMENT_TARGET = 10.11;
				MTL_ENABLE_DEBUG_INFO = NO;
				SDKROOT = macosx;
			};
			name = Release;
		};
		BC6984621CA149CF00545AD8 /* Debug */ = {
			isa = XCBuildConfiguration;
			buildSettings = {
				PRODUCT_NAME = "$(TARGET_NAME)";
			};
			name = Debug;
		};
		BC6984631CA149CF00545AD8 /* Release */ = {
			isa = XCBuildConfiguration;
			buildSettings = {
				PRODUCT_NAME = "$(TARGET_NAME)";
			};
			name = Release;
		};
		BC69846D1CA15CBA00545AD8 /* Debug */ = {
			isa = XCBuildConfiguration;
			buildSettings = {
				PRODUCT_NAME = "$(TARGET_NAME)";
			};
			name = Debug;
		};
		BC69846E1CA15CBA00545AD8 /* Release */ = {
			isa = XCBuildConfiguration;
			buildSettings = {
				PRODUCT_NAME = "$(TARGET_NAME)";
			};
			name = Release;
		};
		BC6984781CA1792700545AD8 /* Debug */ = {
			isa = XCBuildConfiguration;
			buildSettings = {
				PRODUCT_NAME = "$(TARGET_NAME)";
			};
			name = Debug;
		};
		BC6984791CA1792700545AD8 /* Release */ = {
			isa = XCBuildConfiguration;
			buildSettings = {
				PRODUCT_NAME = "$(TARGET_NAME)";
			};
			name = Release;
		};
/* End XCBuildConfiguration section */

/* Begin XCConfigurationList section */
		BC6984551CA149CF00545AD8 /* Build configuration list for PBXProject "NSString常见的用法和使用" */ = {
			isa = XCConfigurationList;
			buildConfigurations = (
				BC69845F1CA149CF00545AD8 /* Debug */,
				BC6984601CA149CF00545AD8 /* Release */,
			);
			defaultConfigurationIsVisible = 0;
			defaultConfigurationName = Release;
		};
		BC6984611CA149CF00545AD8 /* Build configuration list for PBXNativeTarget "NSString常见的用法和使用" */ = {
			isa = XCConfigurationList;
			buildConfigurations = (
				BC6984621CA149CF00545AD8 /* Debug */,
				BC6984631CA149CF00545AD8 /* Release */,
			);
			defaultConfigurationIsVisible = 0;
		};
		BC69846C1CA15CBA00545AD8 /* Build configuration list for PBXNativeTarget "NSString 类型的长度计算方法" */ = {
			isa = XCConfigurationList;
			buildConfigurations = (
				BC69846D1CA15CBA00545AD8 /* Debug */,
				BC69846E1CA15CBA00545AD8 /* Release */,
			);
			defaultConfigurationIsVisible = 0;
		};
		BC6984771CA1792700545AD8 /* Build configuration list for PBXNativeTarget "多文件实现步骤" */ = {
			isa = XCConfigurationList;
			buildConfigurations = (
				BC6984781CA1792700545AD8 /* Debug */,
				BC6984791CA1792700545AD8 /* Release */,
			);
			defaultConfigurationIsVisible = 0;
		};
/* End XCConfigurationList section */
	};
	rootObject = BC6984521CA149CF00545AD8 /* Project object */;
}
