// !$*UTF8*$!
{
	archiveVersion = 1;
	classes = {
	};
	objectVersion = 46;
	objects = {

/* Begin PBXBuildFile section */
		BCD8AE2C1CCE3FBF00A686AB /* main.m in Sources */ = {isa = PBXBuildFile; fileRef = BCD8AE2B1CCE3FBF00A686AB /* main.m */; };
		BCD8AE341CCE403400A686AB /* Person.m in Sources */ = {isa = PBXBuildFile; fileRef = BCD8AE331CCE403400A686AB /* Person.m */; };
/* End PBXBuildFile section */

/* Begin PBXCopyFilesBuildPhase section */
		BCD8AE261CCE3FBF00A686AB /* CopyFiles */ = {
			isa = PBXCopyFilesBuildPhase;
			buildActionMask = 2147483647;
			dstPath = /usr/share/man/man1/;
			dstSubfolderSpec = 0;
			files = (
			);
			runOnlyForDeploymentPostprocessing = 1;
		};
/* End PBXCopyFilesBuildPhase section */

/* Begin PBXFileReference section */
		BCD8AE281CCE3FBF00A686AB /* self在对象方法中使用 */ = {isa = PBXFileReference; explicitFileType = "compiled.mach-o.executable"; includeInIndex = 0; path = "self在对象方法中使用"; sourceTree = BUILT_PRODUCTS_DIR; };
		BCD8AE2B1CCE3FBF00A686AB /* main.m */ = {isa = PBXFileReference; lastKnownFileType = sourcecode.c.objc; path = main.m; sourceTree = "<group>"; };
		BCD8AE321CCE403400A686AB /* Person.h */ = {isa = PBXFileReference; fileEncoding = 4; lastKnownFileType = sourcecode.c.h; path = Person.h; sourceTree = "<group>"; };
		BCD8AE331CCE403400A686AB /* Person.m */ = {isa = PBXFileReference; fileEncoding = 4; lastKnownFileType = sourcecode.c.objc; path = Person.m; sourceTree = "<group>"; };
/* End PBXFileReference section */

/* Begin PBXFrameworksBuildPhase section */
		BCD8AE251CCE3FBF00A686AB /* Frameworks */ = {
			isa = PBXFrameworksBuildPhase;
			buildActionMask = 2147483647;
			files = (
			);
			runOnlyForDeploymentPostprocessing = 0;
		};
/* End PBXFrameworksBuildPhase section */

/* Begin PBXGroup section */
		BCD8AE1F1CCE3FBF00A686AB = {
			isa = PBXGroup;
			children = (
				BCD8AE2A1CCE3FBF00A686AB /* self在对象方法中使用 */,
				BCD8AE291CCE3FBF00A686AB /* Products */,
			);
			sourceTree = "<group>";
		};
		BCD8AE291CCE3FBF00A686AB /* Products */ = {
			isa = PBXGroup;
			children = (
				BCD8AE281CCE3FBF00A686AB /* self在对象方法中使用 */,
			);
			name = Products;
			sourceTree = "<group>";
		};
		BCD8AE2A1CCE3FBF00A686AB /* self在对象方法中使用 */ = {
			isa = PBXGroup;
			children = (
				BCD8AE2B1CCE3FBF00A686AB /* main.m */,
				BCD8AE321CCE403400A686AB /* Person.h */,
				BCD8AE331CCE403400A686AB /* Person.m */,
			);
			path = "self在对象方法中使用";
			sourceTree = "<group>";
		};
/* End PBXGroup section */

/* Begin PBXNativeTarget section */
		BCD8AE271CCE3FBF00A686AB /* self在对象方法中使用 */ = {
			isa = PBXNativeTarget;
			buildConfigurationList = BCD8AE2F1CCE3FBF00A686AB /* Build configuration list for PBXNativeTarget "self在对象方法中使用" */;
			buildPhases = (
				BCD8AE241CCE3FBF00A686AB /* Sources */,
				BCD8AE251CCE3FBF00A686AB /* Frameworks */,
				BCD8AE261CCE3FBF00A686AB /* CopyFiles */,
			);
			buildRules = (
			);
			dependencies = (
			);
			name = "self在对象方法中使用";
			productName = "self在对象方法中使用";
			productReference = BCD8AE281CCE3FBF00A686AB /* self在对象方法中使用 */;
			productType = "com.apple.product-type.tool";
		};
/* End PBXNativeTarget section */

/* Begin PBXProject section */
		BCD8AE201CCE3FBF00A686AB /* Project object */ = {
			isa = PBXProject;
			attributes = {
				LastUpgradeCheck = 0730;
				ORGANIZATIONNAME = liser;
				TargetAttributes = {
					BCD8AE271CCE3FBF00A686AB = {
						CreatedOnToolsVersion = 7.3;
					};
				};
			};
			buildConfigurationList = BCD8AE231CCE3FBF00A686AB /* Build configuration list for PBXProject "self在对象方法中使用" */;
			compatibilityVersion = "Xcode 3.2";
			developmentRegion = English;
			hasScannedForEncodings = 0;
			knownRegions = (
				en,
			);
			mainGroup = BCD8AE1F1CCE3FBF00A686AB;
			productRefGroup = BCD8AE291CCE3FBF00A686AB /* Products */;
			projectDirPath = "";
			projectRoot = "";
			targets = (
				BCD8AE271CCE3FBF00A686AB /* self在对象方法中使用 */,
			);
		};
/* End PBXProject section */

/* Begin PBXSourcesBuildPhase section */
		BCD8AE241CCE3FBF00A686AB /* Sources */ = {
			isa = PBXSourcesBuildPhase;
			buildActionMask = 2147483647;
			files = (
				BCD8AE341CCE403400A686AB /* Person.m in Sources */,
				BCD8AE2C1CCE3FBF00A686AB /* main.m in Sources */,
			);
			runOnlyForDeploymentPostprocessing = 0;
		};
/* End PBXSourcesBuildPhase section */

/* Begin XCBuildConfiguration section */
		BCD8AE2D1CCE3FBF00A686AB /* Debug */ = {
			isa = XCBuildConfiguration;
			buildSettings = {
				ALWAYS_SEARCH_USER_PATHS = NO;
				CLANG_ANALYZER_NONNULL = YES;
				CLANG_CXX_LANGUAGE_STANDARD = "gnu++0x";
				CLANG_CXX_LIBRARY = "libc++";
				CLANG_ENABLE_MODULES = YES;
				CLANG_ENABLE_OBJC_ARC = YES;
				CLANG_WARN_BOOL_CONVERSION = YES;
				CLANG_WARN_CONSTANT_CONVERSION = YES;
				CLANG_WARN_DIRECT_OBJC_ISA_USAGE = YES_ERROR;
				CLANG_WARN_EMPTY_BODY = YES;
				CLANG_WARN_ENUM_CONVERSION = YES;
				CLANG_WARN_INT_CONVERSION = YES;
				CLANG_WARN_OBJC_ROOT_CLASS = YES_ERROR;
				CLANG_WARN_UNREACHABLE_CODE = YES;
				CLANG_WARN__DUPLICATE_METHOD_MATCH = YES;
				CODE_SIGN_IDENTITY = "-";
				COPY_PHASE_STRIP = NO;
				DEBUG_INFORMATION_FORMAT = dwarf;
				ENABLE_STRICT_OBJC_MSGSEND = YES;
				ENABLE_TESTABILITY = YES;
				GCC_C_LANGUAGE_STANDARD = gnu99;
				GCC_DYNAMIC_NO_PIC = NO;
				GCC_NO_COMMON_BLOCKS = YES;
				GCC_OPTIMIZATION_LEVEL = 0;
				GCC_PREPROCESSOR_DEFINITIONS = (
					"DEBUG=1",
					"$(inherited)",
				);
				GCC_WARN_64_TO_32_BIT_CONVERSION = YES;
				GCC_WARN_ABOUT_RETURN_TYPE = YES_ERROR;
				GCC_WARN_UNDECLARED_SELECTOR = YES;
				GCC_WARN_UNINITIALIZED_AUTOS = YES_AGGRESSIVE;
				GCC_WARN_UNUSED_FUNCTION = YES;
				GCC_WARN_UNUSED_VARIABLE = YES;
				MACOSX_DEPLOYMENT_TARGET = 10.11;
				MTL_ENABLE_DEBUG_INFO = YES;
				ONLY_ACTIVE_ARCH = YES;
				SDKROOT = macosx;
			};
			name = Debug;
		};
		BCD8AE2E1CCE3FBF00A686AB /* Release */ = {
			isa = XCBuildConfiguration;
			buildSettings = {
				ALWAYS_SEARCH_USER_PATHS = NO;
				CLANG_ANALYZER_NONNULL = YES;
				CLANG_CXX_LANGUAGE_STANDARD = "gnu++0x";
				CLANG_CXX_LIBRARY = "libc++";
				CLANG_ENABLE_MODULES = YES;
				CLANG_ENABLE_OBJC_ARC = YES;
				CLANG_WARN_BOOL_CONVERSION = YES;
				CLANG_WARN_CONSTANT_CONVERSION = YES;
				CLANG_WARN_DIRECT_OBJC_ISA_USAGE = YES_ERROR;
				CLANG_WARN_EMPTY_BODY = YES;
				CLANG_WARN_ENUM_CONVERSION = YES;
				CLANG_WARN_INT_CONVERSION = YES;
				CLANG_WARN_OBJC_ROOT_CLASS = YES_ERROR;
				CLANG_WARN_UNREACHABLE_CODE = YES;
				CLANG_WARN__DUPLICATE_METHOD_MATCH = YES;
				CODE_SIGN_IDENTITY = "-";
				COPY_PHASE_STRIP = NO;
				DEBUG_INFORMATION_FORMAT = "dwarf-with-dsym";
				ENABLE_NS_ASSERTIONS = NO;
				ENABLE_STRICT_OBJC_MSGSEND = YES;
				GCC_C_LANGUAGE_STANDARD = gnu99;
				GCC_NO_COMMON_BLOCKS = YES;
				GCC_WARN_64_TO_32_BIT_CONVERSION = YES;
				GCC_WARN_ABOUT_RETURN_TYPE = YES_ERROR;
				GCC_WARN_UNDECLARED_SELECTOR = YES;
				GCC_WARN_UNINITIALIZED_AUTOS = YES_AGGRESSIVE;
				GCC_WARN_UNUSED_FUNCTION = YES;
				GCC_WARN_UNUSED_VARIABLE = YES;
				MACOSX_DEPLOYMENT_TARGET = 10.11;
				MTL_ENABLE_DEBUG_INFO = NO;
				SDKROOT = macosx;
			};
			name = Release;
		};
		BCD8AE301CCE3FBF00A686AB /* Debug */ = {
			isa = XCBuildConfiguration;
			buildSettings = {
				PRODUCT_NAME = "$(TARGET_NAME)";
			};
			name = Debug;
		};
		BCD8AE311CCE3FBF00A686AB /* Release */ = {
			isa = XCBuildConfiguration;
			buildSettings = {
				PRODUCT_NAME = "$(TARGET_NAME)";
			};
			name = Release;
		};
/* End XCBuildConfiguration section */

/* Begin XCConfigurationList section */
		BCD8AE231CCE3FBF00A686AB /* Build configuration list for PBXProject "self在对象方法中使用" */ = {
			isa = XCConfigurationList;
			buildConfigurations = (
				BCD8AE2D1CCE3FBF00A686AB /* Debug */,
				BCD8AE2E1CCE3FBF00A686AB /* Release */,
			);
			defaultConfigurationIsVisible = 0;
			defaultConfigurationName = Release;
		};
		BCD8AE2F1CCE3FBF00A686AB /* Build configuration list for PBXNativeTarget "self在对象方法中使用" */ = {
			isa = XCConfigurationList;
			buildConfigurations = (
				BCD8AE301CCE3FBF00A686AB /* Debug */,
				BCD8AE311CCE3FBF00A686AB /* Release */,
			);
			defaultConfigurationIsVisible = 0;
		};
/* End XCConfigurationList section */
	};
	rootObject = BCD8AE201CCE3FBF00A686AB /* Project object */;
}
